
Microsoft Visual Studio Solution File, Format Version 12.00
# Visual Studio 15
VisualStudioVersion = 15.0.28010.2026
MinimumVisualStudioVersion = 10.0.40219.1
Project("{FAE04EC0-301F-11D3-BF4B-00C04F79EFBC}") = "ZeroApp", "ZeroApp\ZeroApp.csproj", "{2CC50947-E58A-4024-83E1-F9C748ACC44C}"
EndProject
Global
	GlobalSection(SolutionConfigurationPlatforms) = preSolution
		Debug|Any CPU = Debug|Any CPU
		Release|Any CPU = Release|Any CPU
	EndGlobalSection
	GlobalSection(ProjectConfigurationPlatforms) = postSolution
		{2CC50947-E58A-4024-83E1-F9C748ACC44C}.Debug|Any CPU.ActiveCfg = Debug|Any CPU
		{2CC50947-E58A-4024-83E1-F9C748ACC44C}.Debug|Any CPU.Build.0 = Debug|Any CPU
		{2CC50947-E58A-4024-83E1-F9C748ACC44C}.Release|Any CPU.ActiveCfg = Release|Any CPU
		{2CC50947-E58A-4024-83E1-F9C748ACC44C}.Release|Any CPU.Build.0 = Release|Any CPU
	EndGlobalSection
	GlobalSection(SolutionProperties) = preSolution
		HideSolutionNode = FALSE
	EndGlobalSection
	GlobalSection(ExtensibilityGlobals) = postSolution
		SolutionGuid = {F1088EC3-2269-449E-8D49-685F3C515A49}
	EndGlobalSection
EndGlobal
